
Microsoft Visual Studio Solution File, Format Version 12.00
# Visual Studio Version 17
VisualStudioVersion = 17.13.35825.156 d17.13
MinimumVisualStudioVersion = 10.0.40219.1
Project("{FAE04EC0-301F-11D3-BF4B-00C04F79EFBC}") = "Geolocator", "Geolocator\Geolocator.csproj", "{0682457B-0231-4470-8EE0-4B9A67DB5EF2}"
EndProject
Project("{E53339B2-1760-4266-BCC7-CA923CBCF16C}") = "docker-compose", "docker-compose.dcproj", "{81DDED9D-158B-E303-5F62-77A2896D2A5A}"
EndProject
Project("{2150E333-8FDC-42A3-9474-1A3956D46DE8}") = "Core", "Core", "{02EA681E-C7D8-13C7-8484-4AC65E1B71E8}"
EndProject
Project("{FAE04EC0-301F-11D3-BF4B-00C04F79EFBC}") = "Domain", "Core\Domain\Domain.csproj", "{78B94937-D690-4DD9-9041-DD392AF15AFE}"
EndProject
Project("{2150E333-8FDC-42A3-9474-1A3956D46DE8}") = "Infraestructure", "Infraestructure", "{E6389049-D40E-4CB0-943C-5BBE9DFB5D59}"
EndProject
Project("{FAE04EC0-301F-11D3-BF4B-00C04F79EFBC}") = "Persistence", "Infraestructure\Persistence\Persistence.csproj", "{E7EA61E3-215F-43F1-85F4-56376AF70D3C}"
EndProject
Global
	GlobalSection(SolutionConfigurationPlatforms) = preSolution
		Debug|Any CPU = Debug|Any CPU
		Release|Any CPU = Release|Any CPU
	EndGlobalSection
	GlobalSection(ProjectConfigurationPlatforms) = postSolution
		{0682457B-0231-4470-8EE0-4B9A67DB5EF2}.Debug|Any CPU.ActiveCfg = Debug|Any CPU
		{0682457B-0231-4470-8EE0-4B9A67DB5EF2}.Debug|Any CPU.Build.0 = Debug|Any CPU
		{0682457B-0231-4470-8EE0-4B9A67DB5EF2}.Release|Any CPU.ActiveCfg = Release|Any CPU
		{0682457B-0231-4470-8EE0-4B9A67DB5EF2}.Release|Any CPU.Build.0 = Release|Any CPU
		{81DDED9D-158B-E303-5F62-77A2896D2A5A}.Debug|Any CPU.ActiveCfg = Debug|Any CPU
		{81DDED9D-158B-E303-5F62-77A2896D2A5A}.Debug|Any CPU.Build.0 = Debug|Any CPU
		{81DDED9D-158B-E303-5F62-77A2896D2A5A}.Release|Any CPU.ActiveCfg = Release|Any CPU
		{81DDED9D-158B-E303-5F62-77A2896D2A5A}.Release|Any CPU.Build.0 = Release|Any CPU
		{78B94937-D690-4DD9-9041-DD392AF15AFE}.Debug|Any CPU.ActiveCfg = Debug|Any CPU
		{78B94937-D690-4DD9-9041-DD392AF15AFE}.Debug|Any CPU.Build.0 = Debug|Any CPU
		{78B94937-D690-4DD9-9041-DD392AF15AFE}.Release|Any CPU.ActiveCfg = Release|Any CPU
		{78B94937-D690-4DD9-9041-DD392AF15AFE}.Release|Any CPU.Build.0 = Release|Any CPU
		{E7EA61E3-215F-43F1-85F4-56376AF70D3C}.Debug|Any CPU.ActiveCfg = Debug|Any CPU
		{E7EA61E3-215F-43F1-85F4-56376AF70D3C}.Debug|Any CPU.Build.0 = Debug|Any CPU
		{E7EA61E3-215F-43F1-85F4-56376AF70D3C}.Release|Any CPU.ActiveCfg = Release|Any CPU
		{E7EA61E3-215F-43F1-85F4-56376AF70D3C}.Release|Any CPU.Build.0 = Release|Any CPU
	EndGlobalSection
	GlobalSection(SolutionProperties) = preSolution
		HideSolutionNode = FALSE
	EndGlobalSection
	GlobalSection(NestedProjects) = preSolution
		{78B94937-D690-4DD9-9041-DD392AF15AFE} = {02EA681E-C7D8-13C7-8484-4AC65E1B71E8}
		{E7EA61E3-215F-43F1-85F4-56376AF70D3C} = {E6389049-D40E-4CB0-943C-5BBE9DFB5D59}
	EndGlobalSection
	GlobalSection(ExtensibilityGlobals) = postSolution
		SolutionGuid = {C8D951D1-CF93-4D62-B583-D721068B417C}
	EndGlobalSection
EndGlobal
